
Microsoft Visual Studio Solution File, Format Version 12.00
# Visual Studio 15
VisualStudioVersion = 15.0.28307.1082
MinimumVisualStudioVersion = 10.0.40219.1
Project("{8BC9CEB8-8B4A-11D0-8D11-00A0C91BC942}") = "CALCULATOR", "CALCULATOR\CALCULATOR.vcxproj", "{BA44B07C-F660-4329-BDD2-8B9F7D6172AB}"
EndProject
Global
	GlobalSection(SolutionConfigurationPlatforms) = preSolution
		Debug|x64 = Debug|x64
		Debug|x86 = Debug|x86
		Release|x64 = Release|x64
		Release|x86 = Release|x86
	EndGlobalSection
	GlobalSection(ProjectConfigurationPlatforms) = postSolution
		{BA44B07C-F660-4329-BDD2-8B9F7D6172AB}.Debug|x64.ActiveCfg = Debug|x64
		{BA44B07C-F660-4329-BDD2-8B9F7D6172AB}.Debug|x64.Build.0 = Debug|x64
		{BA44B07C-F660-4329-BDD2-8B9F7D6172AB}.Debug|x86.ActiveCfg = Release|Win32
		{BA44B07C-F660-4329-BDD2-8B9F7D6172AB}.Debug|x86.Build.0 = Release|Win32
		{BA44B07C-F660-4329-BDD2-8B9F7D6172AB}.Release|x64.ActiveCfg = Release|x64
		{BA44B07C-F660-4329-BDD2-8B9F7D6172AB}.Release|x64.Build.0 = Release|x64
		{BA44B07C-F660-4329-BDD2-8B9F7D6172AB}.Release|x86.ActiveCfg = Release|Win32
		{BA44B07C-F660-4329-BDD2-8B9F7D6172AB}.Release|x86.Build.0 = Release|Win32
	EndGlobalSection
	GlobalSection(SolutionProperties) = preSolution
		HideSolutionNode = FALSE
	EndGlobalSection
	GlobalSection(ExtensibilityGlobals) = postSolution
		SolutionGuid = {D4F42CB6-A8DD-485C-9C86-E6D4101E84E2}
	EndGlobalSection
EndGlobal
